
Microsoft Visual Studio Solution File, Format Version 12.00
# Visual Studio Version 16
VisualStudioVersion = 16.0.31624.102
MinimumVisualStudioVersion = 10.0.40219.1
Project("{FAE04EC0-301F-11D3-BF4B-00C04F79EFBC}") = "CustomerCards", "CustomerCards\CustomerCards.csproj", "{D8D7FFDC-7671-4502-A228-8EC1B724FDCD}"
EndProject
Global
	GlobalSection(SolutionConfigurationPlatforms) = preSolution
		Debug|Any CPU = Debug|Any CPU
		Release|Any CPU = Release|Any CPU
	EndGlobalSection
	GlobalSection(ProjectConfigurationPlatforms) = postSolution
		{D8D7FFDC-7671-4502-A228-8EC1B724FDCD}.Debug|Any CPU.ActiveCfg = Debug|Any CPU
		{D8D7FFDC-7671-4502-A228-8EC1B724FDCD}.Debug|Any CPU.Build.0 = Debug|Any CPU
		{D8D7FFDC-7671-4502-A228-8EC1B724FDCD}.Release|Any CPU.ActiveCfg = Release|Any CPU
		{D8D7FFDC-7671-4502-A228-8EC1B724FDCD}.Release|Any CPU.Build.0 = Release|Any CPU
	EndGlobalSection
	GlobalSection(SolutionProperties) = preSolution
		HideSolutionNode = FALSE
	EndGlobalSection
	GlobalSection(ExtensibilityGlobals) = postSolution
		SolutionGuid = {2069C810-C776-40B5-B89C-EB2FB27F31CD}
	EndGlobalSection
EndGlobal
